
Microsoft Visual Studio Solution File, Format Version 12.00
# Visual Studio Version 17
VisualStudioVersion = 17.2.32616.157
MinimumVisualStudioVersion = 10.0.40219.1
Project("{FAE04EC0-301F-11D3-BF4B-00C04F79EFBC}") = "VehicleManagement", "VehicleManagement\VehicleManagement.csproj", "{46E01468-B984-45EB-953D-72F520308BC6}"
EndProject
Global
	GlobalSection(SolutionConfigurationPlatforms) = preSolution
		Debug|Any CPU = Debug|Any CPU
		Release|Any CPU = Release|Any CPU
	EndGlobalSection
	GlobalSection(ProjectConfigurationPlatforms) = postSolution
		{46E01468-B984-45EB-953D-72F520308BC6}.Debug|Any CPU.ActiveCfg = Debug|Any CPU
		{46E01468-B984-45EB-953D-72F520308BC6}.Debug|Any CPU.Build.0 = Debug|Any CPU
		{46E01468-B984-45EB-953D-72F520308BC6}.Release|Any CPU.ActiveCfg = Release|Any CPU
		{46E01468-B984-45EB-953D-72F520308BC6}.Release|Any CPU.Build.0 = Release|Any CPU
	EndGlobalSection
	GlobalSection(SolutionProperties) = preSolution
		HideSolutionNode = FALSE
	EndGlobalSection
	GlobalSection(ExtensibilityGlobals) = postSolution
		SolutionGuid = {8DFC5C4C-1D53-4C90-8B6B-775466C5D3DA}
	EndGlobalSection
EndGlobal
